// !$*UTF8*$!
{
	archiveVersion = 1;
	classes = {
	};
	objectVersion = 46;
	objects = {

/* Begin PBXBuildFile section */
		8A6B2CA8527885068EC20C12 /* Pods_Notifire.framework in Frameworks */ = {isa = PBXBuildFile; fileRef = 88BADD4A272F2083D73A27CF /* Pods_Notifire.framework */; };
		D5F32EFE1E46A8C3004F0884 /* AppDelegate.swift in Sources */ = {isa = PBXBuildFile; fileRef = D5F32EFD1E46A8C3004F0884 /* AppDelegate.swift */; };
		D5F32F001E46A8C3004F0884 /* ViewController.swift in Sources */ = {isa = PBXBuildFile; fileRef = D5F32EFF1E46A8C3004F0884 /* ViewController.swift */; };
		D5F32F031E46A8C3004F0884 /* Main.storyboard in Resources */ = {isa = PBXBuildFile; fileRef = D5F32F011E46A8C3004F0884 /* Main.storyboard */; };
		D5F32F051E46A8C3004F0884 /* Assets.xcassets in Resources */ = {isa = PBXBuildFile; fileRef = D5F32F041E46A8C3004F0884 /* Assets.xcassets */; };
		D5F32F081E46A8C3004F0884 /* LaunchScreen.storyboard in Resources */ = {isa = PBXBuildFile; fileRef = D5F32F061E46A8C3004F0884 /* LaunchScreen.storyboard */; };
		D5F32F101E46A98B004F0884 /* GoogleService-Info.plist in Resources */ = {isa = PBXBuildFile; fileRef = D5F32F0F1E46A98B004F0884 /* GoogleService-Info.plist */; };
/* End PBXBuildFile section */

/* Begin PBXFileReference section */
		47A8390CD396A3C70AFE6F76 /* Pods-Notifire.release.xcconfig */ = {isa = PBXFileReference; includeInIndex = 1; lastKnownFileType = text.xcconfig; name = "Pods-Notifire.release.xcconfig"; path = "Pods/Target Support Files/Pods-Notifire/Pods-Notifire.release.xcconfig"; sourceTree = "<group>"; };
		88BADD4A272F2083D73A27CF /* Pods_Notifire.framework */ = {isa = PBXFileReference; explicitFileType = wrapper.framework; includeInIndex = 0; path = Pods_Notifire.framework; sourceTree = BUILT_PRODUCTS_DIR; };
		D38F47114D2BF618DEC44009 /* Pods-Notifire.debug.xcconfig */ = {isa = PBXFileReference; includeInIndex = 1; lastKnownFileType = text.xcconfig; name = "Pods-Notifire.debug.xcconfig"; path = "Pods/Target Support Files/Pods-Notifire/Pods-Notifire.debug.xcconfig"; sourceTree = "<group>"; };
		D5F32EFA1E46A8C3004F0884 /* Notifire.app */ = {isa = PBXFileReference; explicitFileType = wrapper.application; includeInIndex = 0; path = Notifire.app; sourceTree = BUILT_PRODUCTS_DIR; };
		D5F32EFD1E46A8C3004F0884 /* AppDelegate.swift */ = {isa = PBXFileReference; lastKnownFileType = sourcecode.swift; path = AppDelegate.swift; sourceTree = "<group>"; };
		D5F32EFF1E46A8C3004F0884 /* ViewController.swift */ = {isa = PBXFileReference; lastKnownFileType = sourcecode.swift; path = ViewController.swift; sourceTree = "<group>"; };
		D5F32F021E46A8C3004F0884 /* Base */ = {isa = PBXFileReference; lastKnownFileType = file.storyboard; name = Base; path = Base.lproj/Main.storyboard; sourceTree = "<group>"; };
		D5F32F041E46A8C3004F0884 /* Assets.xcassets */ = {isa = PBXFileReference; lastKnownFileType = folder.assetcatalog; path = Assets.xcassets; sourceTree = "<group>"; };
		D5F32F071E46A8C3004F0884 /* Base */ = {isa = PBXFileReference; lastKnownFileType = file.storyboard; name = Base; path = Base.lproj/LaunchScreen.storyboard; sourceTree = "<group>"; };
		D5F32F091E46A8C3004F0884 /* Info.plist */ = {isa = PBXFileReference; lastKnownFileType = text.plist.xml; path = Info.plist; sourceTree = "<group>"; };
		D5F32F0F1E46A98B004F0884 /* GoogleService-Info.plist */ = {isa = PBXFileReference; fileEncoding = 4; lastKnownFileType = text.plist.xml; path = "GoogleService-Info.plist"; sourceTree = "<group>"; };
/* End PBXFileReference section */

/* Begin PBXFrameworksBuildPhase section */
		D5F32EF71E46A8C3004F0884 /* Frameworks */ = {
			isa = PBXFrameworksBuildPhase;
			buildActionMask = 2147483647;
			files = (
				8A6B2CA8527885068EC20C12 /* Pods_Notifire.framework in Frameworks */,
			);
			runOnlyForDeploymentPostprocessing = 0;
		};
/* End PBXFrameworksBuildPhase section */

/* Begin PBXGroup section */
		57CADEAF8C922C33AA2CDD58 /* Pods */ = {
			isa = PBXGroup;
			children = (
				D38F47114D2BF618DEC44009 /* Pods-Notifire.debug.xcconfig */,
				47A8390CD396A3C70AFE6F76 /* Pods-Notifire.release.xcconfig */,
			);
			name = Pods;
			sourceTree = "<group>";
		};
		D2ECC16A53FBE23EABB000A0 /* Frameworks */ = {
			isa = PBXGroup;
			children = (
				88BADD4A272F2083D73A27CF /* Pods_Notifire.framework */,
			);
			name = Frameworks;
			sourceTree = "<group>";
		};
		D5F32EF11E46A8C3004F0884 = {
			isa = PBXGroup;
			children = (
				D5F32EFC1E46A8C3004F0884 /* Notifire */,
				D5F32EFB1E46A8C3004F0884 /* Products */,
				57CADEAF8C922C33AA2CDD58 /* Pods */,
				D2ECC16A53FBE23EABB000A0 /* Frameworks */,
			);
			sourceTree = "<group>";
		};
		D5F32EFB1E46A8C3004F0884 /* Products */ = {
			isa = PBXGroup;
			children = (
				D5F32EFA1E46A8C3004F0884 /* Notifire.app */,
			);
			name = Products;
			sourceTree = "<group>";
		};
		D5F32EFC1E46A8C3004F0884 /* Notifire */ = {
			isa = PBXGroup;
			children = (
				D5F32F141E4832C7004F0884 /* Model */,
				D5F32F131E4832C0004F0884 /* View */,
				D5F32F121E4832B0004F0884 /* Controller */,
				D5F32F111E483299004F0884 /* Resources */,
			);
			path = Notifire;
			sourceTree = "<group>";
		};
		D5F32F111E483299004F0884 /* Resources */ = {
			isa = PBXGroup;
			children = (
				D5F32F091E46A8C3004F0884 /* Info.plist */,
				D5F32F0F1E46A98B004F0884 /* GoogleService-Info.plist */,
				D5F32F041E46A8C3004F0884 /* Assets.xcassets */,
				D5F32EFD1E46A8C3004F0884 /* AppDelegate.swift */,
			);
			name = Resources;
			sourceTree = "<group>";
		};
		D5F32F121E4832B0004F0884 /* Controller */ = {
			isa = PBXGroup;
			children = (
				D5F32EFF1E46A8C3004F0884 /* ViewController.swift */,
			);
			name = Controller;
			sourceTree = "<group>";
		};
		D5F32F131E4832C0004F0884 /* View */ = {
			isa = PBXGroup;
			children = (
				D5F32F011E46A8C3004F0884 /* Main.storyboard */,
				D5F32F061E46A8C3004F0884 /* LaunchScreen.storyboard */,
			);
			name = View;
			sourceTree = "<group>";
		};
		D5F32F141E4832C7004F0884 /* Model */ = {
			isa = PBXGroup;
			children = (
			);
			name = Model;
			sourceTree = "<group>";
		};
/* End PBXGroup section */

/* Begin PBXNativeTarget section */
		D5F32EF91E46A8C3004F0884 /* Notifire */ = {
			isa = PBXNativeTarget;
			buildConfigurationList = D5F32F0C1E46A8C3004F0884 /* Build configuration list for PBXNativeTarget "Notifire" */;
			buildPhases = (
				EA671BD8BB4F926FCE6F7749 /* [CP] Check Pods Manifest.lock */,
				D5F32EF61E46A8C3004F0884 /* Sources */,
				D5F32EF71E46A8C3004F0884 /* Frameworks */,
				D5F32EF81E46A8C3004F0884 /* Resources */,
				D8D49CB526688D5D6F3B469F /* [CP] Embed Pods Frameworks */,
				329FC073A42C37D8598C85CE /* [CP] Copy Pods Resources */,
			);
			buildRules = (
			);
			dependencies = (
			);
			name = Notifire;
			productName = Notifire;
			productReference = D5F32EFA1E46A8C3004F0884 /* Notifire.app */;
			productType = "com.apple.product-type.application";
		};
/* End PBXNativeTarget section */

/* Begin PBXProject section */
		D5F32EF21E46A8C3004F0884 /* Project object */ = {
			isa = PBXProject;
			attributes = {
				LastSwiftUpdateCheck = 0820;
				LastUpgradeCheck = 0820;
				ORGANIZATIONNAME = Italyte;
				TargetAttributes = {
					D5F32EF91E46A8C3004F0884 = {
						CreatedOnToolsVersion = 8.2.1;
						DevelopmentTeam = 3983Y6QL49;
						ProvisioningStyle = Automatic;
					};
				};
			};
			buildConfigurationList = D5F32EF51E46A8C3004F0884 /* Build configuration list for PBXProject "Notifire" */;
			compatibilityVersion = "Xcode 3.2";
			developmentRegion = English;
			hasScannedForEncodings = 0;
			knownRegions = (
				en,
				Base,
			);
			mainGroup = D5F32EF11E46A8C3004F0884;
			productRefGroup = D5F32EFB1E46A8C3004F0884 /* Products */;
			projectDirPath = "";
			projectRoot = "";
			targets = (
				D5F32EF91E46A8C3004F0884 /* Notifire */,
			);
		};
/* End PBXProject section */

/* Begin PBXResourcesBuildPhase section */
		D5F32EF81E46A8C3004F0884 /* Resources */ = {
			isa = PBXResourcesBuildPhase;
			buildActionMask = 2147483647;
			files = (
				D5F32F081E46A8C3004F0884 /* LaunchScreen.storyboard in Resources */,
				D5F32F101E46A98B004F0884 /* GoogleService-Info.plist in Resources */,
				D5F32F051E46A8C3004F0884 /* Assets.xcassets in Resources */,
				D5F32F031E46A8C3004F0884 /* Main.storyboard in Resources */,
			);
			runOnlyForDeploymentPostprocessing = 0;
		};
/* End PBXResourcesBuildPhase section */

/* Begin PBXShellScriptBuildPhase section */
		329FC073A42C37D8598C85CE /* [CP] Copy Pods Resources */ = {
			isa = PBXShellScriptBuildPhase;
			buildActionMask = 2147483647;
			files = (
			);
			inputPaths = (
			);
			name = "[CP] Copy Pods Resources";
			outputPaths = (
			);
			runOnlyForDeploymentPostprocessing = 0;
			shellPath = /bin/sh;
			shellScript = "\"${SRCROOT}/Pods/Target Support Files/Pods-Notifire/Pods-Notifire-resources.sh\"\n";
			showEnvVarsInLog = 0;
		};
		D8D49CB526688D5D6F3B469F /* [CP] Embed Pods Frameworks */ = {
			isa = PBXShellScriptBuildPhase;
			buildActionMask = 2147483647;
			files = (
			);
			inputPaths = (
			);
			name = "[CP] Embed Pods Frameworks";
			outputPaths = (
			);
			runOnlyForDeploymentPostprocessing = 0;
			shellPath = /bin/sh;
			shellScript = "\"${SRCROOT}/Pods/Target Support Files/Pods-Notifire/Pods-Notifire-frameworks.sh\"\n";
			showEnvVarsInLog = 0;
		};
		EA671BD8BB4F926FCE6F7749 /* [CP] Check Pods Manifest.lock */ = {
			isa = PBXShellScriptBuildPhase;
			buildActionMask = 2147483647;
			files = (
			);
			inputPaths = (
			);
			name = "[CP] Check Pods Manifest.lock";
			outputPaths = (
			);
			runOnlyForDeploymentPostprocessing = 0;
			shellPath = /bin/sh;
			shellScript = "diff \"${PODS_ROOT}/../Podfile.lock\" \"${PODS_ROOT}/Manifest.lock\" > /dev/null\nif [ $? != 0 ] ; then\n    # print error to STDERR\n    echo \"error: The sandbox is not in sync with the Podfile.lock. Run 'pod install' or update your CocoaPods installation.\" >&2\n    exit 1\nfi\n";
			showEnvVarsInLog = 0;
		};
/* End PBXShellScriptBuildPhase section */

/* Begin PBXSourcesBuildPhase section */
		D5F32EF61E46A8C3004F0884 /* Sources */ = {
			isa = PBXSourcesBuildPhase;
			buildActionMask = 2147483647;
			files = (
				D5F32F001E46A8C3004F0884 /* ViewController.swift in Sources */,
				D5F32EFE1E46A8C3004F0884 /* AppDelegate.swift in Sources */,
			);
			runOnlyForDeploymentPostprocessing = 0;
		};
/* End PBXSourcesBuildPhase section */

/* Begin PBXVariantGroup section */
		D5F32F011E46A8C3004F0884 /* Main.storyboard */ = {
			isa = PBXVariantGroup;
			children = (
				D5F32F021E46A8C3004F0884 /* Base */,
			);
			name = Main.storyboard;
			sourceTree = "<group>";
		};
		D5F32F061E46A8C3004F0884 /* LaunchScreen.storyboard */ = {
			isa = PBXVariantGroup;
			children = (
				D5F32F071E46A8C3004F0884 /* Base */,
			);
			name = LaunchScreen.storyboard;
			sourceTree = "<group>";
		};
/* End PBXVariantGroup section */

/* Begin XCBuildConfiguration section */
		D5F32F0A1E46A8C3004F0884 /* Debug */ = {
			isa = XCBuildConfiguration;
			buildSettings = {
				ALWAYS_SEARCH_USER_PATHS = NO;
				CLANG_ANALYZER_NONNULL = YES;
				CLANG_CXX_LANGUAGE_STANDARD = "gnu++0x";
				CLANG_CXX_LIBRARY = "libc++";
				CLANG_ENABLE_MODULES = YES;
				CLANG_ENABLE_OBJC_ARC = YES;
				CLANG_WARN_BOOL_CONVERSION = YES;
				CLANG_WARN_CONSTANT_CONVERSION = YES;
				CLANG_WARN_DIRECT_OBJC_ISA_USAGE = YES_ERROR;
				CLANG_WARN_DOCUMENTATION_COMMENTS = YES;
				CLANG_WARN_EMPTY_BODY = YES;
				CLANG_WARN_ENUM_CONVERSION = YES;
				CLANG_WARN_INFINITE_RECURSION = YES;
				CLANG_WARN_INT_CONVERSION = YES;
				CLANG_WARN_OBJC_ROOT_CLASS = YES_ERROR;
				CLANG_WARN_SUSPICIOUS_MOVE = YES;
				CLANG_WARN_UNREACHABLE_CODE = YES;
				CLANG_WARN__DUPLICATE_METHOD_MATCH = YES;
				"CODE_SIGN_IDENTITY[sdk=iphoneos*]" = "iPhone Developer";
				COPY_PHASE_STRIP = NO;
				DEBUG_INFORMATION_FORMAT = dwarf;
				ENABLE_STRICT_OBJC_MSGSEND = YES;
				ENABLE_TESTABILITY = YES;
				GCC_C_LANGUAGE_STANDARD = gnu99;
				GCC_DYNAMIC_NO_PIC = NO;
				GCC_NO_COMMON_BLOCKS = YES;
				GCC_OPTIMIZATION_LEVEL = 0;
				GCC_PREPROCESSOR_DEFINITIONS = (
					"DEBUG=1",
					"$(inherited)",
				);
				GCC_WARN_64_TO_32_BIT_CONVERSION = YES;
				GCC_WARN_ABOUT_RETURN_TYPE = YES_ERROR;
				GCC_WARN_UNDECLARED_SELECTOR = YES;
				GCC_WARN_UNINITIALIZED_AUTOS = YES_AGGRESSIVE;
				GCC_WARN_UNUSED_FUNCTION = YES;
				GCC_WARN_UNUSED_VARIABLE = YES;
				IPHONEOS_DEPLOYMENT_TARGET = 10.2;
				MTL_ENABLE_DEBUG_INFO = YES;
				ONLY_ACTIVE_ARCH = YES;
				SDKROOT = iphoneos;
				SWIFT_ACTIVE_COMPILATION_CONDITIONS = DEBUG;
				SWIFT_OPTIMIZATION_LEVEL = "-Onone";
				TARGETED_DEVICE_FAMILY = "1,2";
			};
			name = Debug;
		};
		D5F32F0B1E46A8C3004F0884 /* Release */ = {
			isa = XCBuildConfiguration;
			buildSettings = {
				ALWAYS_SEARCH_USER_PATHS = NO;
				CLANG_ANALYZER_NONNULL = YES;
				CLANG_CXX_LANGUAGE_STANDARD = "gnu++0x";
				CLANG_CXX_LIBRARY = "libc++";
				CLANG_ENABLE_MODULES = YES;
				CLANG_ENABLE_OBJC_ARC = YES;
				CLANG_WARN_BOOL_CONVERSION = YES;
				CLANG_WARN_CONSTANT_CONVERSION = YES;
				CLANG_WARN_DIRECT_OBJC_ISA_USAGE = YES_ERROR;
				CLANG_WARN_DOCUMENTATION_COMMENTS = YES;
				CLANG_WARN_EMPTY_BODY = YES;
				CLANG_WARN_ENUM_CONVERSION = YES;
				CLANG_WARN_INFINITE_RECURSION = YES;
				CLANG_WARN_INT_CONVERSION = YES;
				CLANG_WARN_OBJC_ROOT_CLASS = YES_ERROR;
				CLANG_WARN_SUSPICIOUS_MOVE = YES;
				CLANG_WARN_UNREACHABLE_CODE = YES;
				CLANG_WARN__DUPLICATE_METHOD_MATCH = YES;
				"CODE_SIGN_IDENTITY[sdk=iphoneos*]" = "iPhone Developer";
				COPY_PHASE_STRIP = NO;
				DEBUG_INFORMATION_FORMAT = "dwarf-with-dsym";
				ENABLE_NS_ASSERTIONS = NO;
				ENABLE_STRICT_OBJC_MSGSEND = YES;
				GCC_C_LANGUAGE_STANDARD = gnu99;
				GCC_NO_COMMON_BLOCKS = YES;
				GCC_WARN_64_TO_32_BIT_CONVERSION = YES;
				GCC_WARN_ABOUT_RETURN_TYPE = YES_ERROR;
				GCC_WARN_UNDECLARED_SELECTOR = YES;
				GCC_WARN_UNINITIALIZED_AUTOS = YES_AGGRESSIVE;
				GCC_WARN_UNUSED_FUNCTION = YES;
				GCC_WARN_UNUSED_VARIABLE = YES;
				IPHONEOS_DEPLOYMENT_TARGET = 10.2;
				MTL_ENABLE_DEBUG_INFO = NO;
				SDKROOT = iphoneos;
				SWIFT_OPTIMIZATION_LEVEL = "-Owholemodule";
				TARGETED_DEVICE_FAMILY = "1,2";
				VALIDATE_PRODUCT = YES;
			};
			name = Release;
		};
		D5F32F0D1E46A8C3004F0884 /* Debug */ = {
			isa = XCBuildConfiguration;
			baseConfigurationReference = D38F47114D2BF618DEC44009 /* Pods-Notifire.debug.xcconfig */;
			buildSettings = {
				ASSETCATALOG_COMPILER_APPICON_NAME = AppIcon;
				DEVELOPMENT_TEAM = 3983Y6QL49;
				INFOPLIST_FILE = Notifire/Info.plist;
				LD_RUNPATH_SEARCH_PATHS = "$(inherited) @executable_path/Frameworks";
				PRODUCT_BUNDLE_IDENTIFIER = com.Italyte.Notifire;
				PRODUCT_NAME = "$(TARGET_NAME)";
				SWIFT_VERSION = 3.0;
			};
			name = Debug;
		};
		D5F32F0E1E46A8C3004F0884 /* Release */ = {
			isa = XCBuildConfiguration;
			baseConfigurationReference = 47A8390CD396A3C70AFE6F76 /* Pods-Notifire.release.xcconfig */;
			buildSettings = {
				ASSETCATALOG_COMPILER_APPICON_NAME = AppIcon;
				DEVELOPMENT_TEAM = 3983Y6QL49;
				INFOPLIST_FILE = Notifire/Info.plist;
				LD_RUNPATH_SEARCH_PATHS = "$(inherited) @executable_path/Frameworks";
				PRODUCT_BUNDLE_IDENTIFIER = com.Italyte.Notifire;
				PRODUCT_NAME = "$(TARGET_NAME)";
				SWIFT_VERSION = 3.0;
			};
			name = Release;
		};
/* End XCBuildConfiguration section */

/* Begin XCConfigurationList section */
		D5F32EF51E46A8C3004F0884 /* Build configuration list for PBXProject "Notifire" */ = {
			isa = XCConfigurationList;
			buildConfigurations = (
				D5F32F0A1E46A8C3004F0884 /* Debug */,
				D5F32F0B1E46A8C3004F0884 /* Release */,
			);
			defaultConfigurationIsVisible = 0;
			defaultConfigurationName = Release;
		};
		D5F32F0C1E46A8C3004F0884 /* Build configuration list for PBXNativeTarget "Notifire" */ = {
			isa = XCConfigurationList;
			buildConfigurations = (
				D5F32F0D1E46A8C3004F0884 /* Debug */,
				D5F32F0E1E46A8C3004F0884 /* Release */,
			);
			defaultConfigurationIsVisible = 0;
			defaultConfigurationName = Release;
		};
/* End XCConfigurationList section */
	};
	rootObject = D5F32EF21E46A8C3004F0884 /* Project object */;
}
